// !$*UTF8*$!
{
	archiveVersion = 1;
	classes = {
	};
	objectVersion = 77;
	objects = {

/* Begin PBXBuildFile section */
		1C1C58A297267B8DDE6E5B20 /* Pods_Cinetopia.framework in Frameworks */ = {isa = PBXBuildFile; fileRef = A4B896188B20427E0AFD27BE /* Pods_Cinetopia.framework */; };
/* End PBXBuildFile section */

/* Begin PBXContainerItemProxy section */
		C7C9C6232CFF9A6B00926E0D /* PBXContainerItemProxy */ = {
			isa = PBXContainerItemProxy;
			containerPortal = C7C9C6012CFF9A6A00926E0D /* Project object */;
			proxyType = 1;
			remoteGlobalIDString = C7C9C6082CFF9A6A00926E0D;
			remoteInfo = Cinetopia;
		};
		C7C9C62D2CFF9A6B00926E0D /* PBXContainerItemProxy */ = {
			isa = PBXContainerItemProxy;
			containerPortal = C7C9C6012CFF9A6A00926E0D /* Project object */;
			proxyType = 1;
			remoteGlobalIDString = C7C9C6082CFF9A6A00926E0D;
			remoteInfo = Cinetopia;
		};
/* End PBXContainerItemProxy section */

/* Begin PBXFileReference section */
		4A4213465F39526A0D4B861E /* Pods-Cinetopia.debug.xcconfig */ = {isa = PBXFileReference; includeInIndex = 1; lastKnownFileType = text.xcconfig; name = "Pods-Cinetopia.debug.xcconfig"; path = "Target Support Files/Pods-Cinetopia/Pods-Cinetopia.debug.xcconfig"; sourceTree = "<group>"; };
		A4B896188B20427E0AFD27BE /* Pods_Cinetopia.framework */ = {isa = PBXFileReference; explicitFileType = wrapper.framework; includeInIndex = 0; path = Pods_Cinetopia.framework; sourceTree = BUILT_PRODUCTS_DIR; };
		C7C9C6092CFF9A6A00926E0D /* Cinetopia.app */ = {isa = PBXFileReference; explicitFileType = wrapper.application; includeInIndex = 0; path = Cinetopia.app; sourceTree = BUILT_PRODUCTS_DIR; };
		C7C9C6222CFF9A6B00926E0D /* CinetopiaTests.xctest */ = {isa = PBXFileReference; explicitFileType = wrapper.cfbundle; includeInIndex = 0; path = CinetopiaTests.xctest; sourceTree = BUILT_PRODUCTS_DIR; };
		C7C9C62C2CFF9A6B00926E0D /* CinetopiaUITests.xctest */ = {isa = PBXFileReference; explicitFileType = wrapper.cfbundle; includeInIndex = 0; path = CinetopiaUITests.xctest; sourceTree = BUILT_PRODUCTS_DIR; };
		F5B3D9B2A5C9E94CD5D576BF /* Pods-Cinetopia.release.xcconfig */ = {isa = PBXFileReference; includeInIndex = 1; lastKnownFileType = text.xcconfig; name = "Pods-Cinetopia.release.xcconfig"; path = "Target Support Files/Pods-Cinetopia/Pods-Cinetopia.release.xcconfig"; sourceTree = "<group>"; };
/* End PBXFileReference section */

/* Begin PBXFileSystemSynchronizedBuildFileExceptionSet section */
		C7C9C6952D01F7B800926E0D /* Exceptions for "Cinetopia" folder in "Cinetopia" target */ = {
			isa = PBXFileSystemSynchronizedBuildFileExceptionSet;
			membershipExceptions = (
				"/Localized: LaunchScreen.storyboard",
				AppDelegate.swift,
				Assets.xcassets,
				Cells/FavoriteCollectionReusableView.swift,
				Cells/FavoriteMovieCollectionViewCell.swift,
				Cells/MovieTableViewCell.swift,
				Cinetopia.xcdatamodeld,
				Interactors/MoviesInteractor.swift,
				Models/Movie.swift,
				Models/MovieManager.swift,
				Presenters/MoviesPresenter.swift,
				SceneDelegate.swift,
				Services/MovieService.swift,
				Views/FavoriteMoviesViewController.swift,
				Views/HomeViewController.swift,
				Views/MovieDetailsViewController.swift,
				Views/Movies/MoviesView.swift,
				Views/Movies/MoviesViewController.swift,
				Views/TabBarController.swift,
			);
			target = C7C9C6082CFF9A6A00926E0D /* Cinetopia */;
		};
		C7C9C6972D01F7B800926E0D /* Exceptions for "Cinetopia" folder in "CinetopiaUITests" target */ = {
			isa = PBXFileSystemSynchronizedBuildFileExceptionSet;
			membershipExceptions = (
				"/Localized: LaunchScreen.storyboard",
				AppDelegate.swift,
				Assets.xcassets,
				Cinetopia.xcdatamodeld,
				Info.plist,
				SceneDelegate.swift,
				Views/FavoriteMoviesViewController.swift,
				Views/HomeViewController.swift,
				Views/MovieDetailsViewController.swift,
				Views/Movies/MoviesView.swift,
				Views/Movies/MoviesViewController.swift,
				Views/TabBarController.swift,
			);
			target = C7C9C62B2CFF9A6B00926E0D /* CinetopiaUITests */;
		};
/* End PBXFileSystemSynchronizedBuildFileExceptionSet section */

/* Begin PBXFileSystemSynchronizedRootGroup section */
		C7C9C6252CFF9A6B00926E0D /* CinetopiaTests */ = {
			isa = PBXFileSystemSynchronizedRootGroup;
			path = CinetopiaTests;
			sourceTree = "<group>";
		};
		C7C9C62F2CFF9A6B00926E0D /* CinetopiaUITests */ = {
			isa = PBXFileSystemSynchronizedRootGroup;
			path = CinetopiaUITests;
			sourceTree = "<group>";
		};
		C7C9C68D2D01F7B800926E0D /* Cinetopia */ = {
			isa = PBXFileSystemSynchronizedRootGroup;
			exceptions = (
				C7C9C6952D01F7B800926E0D /* Exceptions for "Cinetopia" folder in "Cinetopia" target */,
				C7C9C6972D01F7B800926E0D /* Exceptions for "Cinetopia" folder in "CinetopiaUITests" target */,
			);
			path = Cinetopia;
			sourceTree = "<group>";
		};
/* End PBXFileSystemSynchronizedRootGroup section */

/* Begin PBXFrameworksBuildPhase section */
		C7C9C6062CFF9A6A00926E0D /* Frameworks */ = {
			isa = PBXFrameworksBuildPhase;
			buildActionMask = 2147483647;
			files = (
				1C1C58A297267B8DDE6E5B20 /* Pods_Cinetopia.framework in Frameworks */,
			);
			runOnlyForDeploymentPostprocessing = 0;
		};
		C7C9C61F2CFF9A6B00926E0D /* Frameworks */ = {
			isa = PBXFrameworksBuildPhase;
			buildActionMask = 2147483647;
			files = (
			);
			runOnlyForDeploymentPostprocessing = 0;
		};
		C7C9C6292CFF9A6B00926E0D /* Frameworks */ = {
			isa = PBXFrameworksBuildPhase;
			buildActionMask = 2147483647;
			files = (
			);
			runOnlyForDeploymentPostprocessing = 0;
		};
/* End PBXFrameworksBuildPhase section */

/* Begin PBXGroup section */
		078E1036AE12842F91C34926 /* Frameworks */ = {
			isa = PBXGroup;
			children = (
				A4B896188B20427E0AFD27BE /* Pods_Cinetopia.framework */,
			);
			name = Frameworks;
			sourceTree = "<group>";
		};
		B7B6B857670B8C50536A945C /* Pods */ = {
			isa = PBXGroup;
			children = (
				4A4213465F39526A0D4B861E /* Pods-Cinetopia.debug.xcconfig */,
				F5B3D9B2A5C9E94CD5D576BF /* Pods-Cinetopia.release.xcconfig */,
			);
			path = Pods;
			sourceTree = "<group>";
		};
		C7C9C6002CFF9A6A00926E0D = {
			isa = PBXGroup;
			children = (
				C7C9C68D2D01F7B800926E0D /* Cinetopia */,
				C7C9C6252CFF9A6B00926E0D /* CinetopiaTests */,
				C7C9C62F2CFF9A6B00926E0D /* CinetopiaUITests */,
				C7C9C60A2CFF9A6A00926E0D /* Products */,
				B7B6B857670B8C50536A945C /* Pods */,
				078E1036AE12842F91C34926 /* Frameworks */,
			);
			sourceTree = "<group>";
		};
		C7C9C60A2CFF9A6A00926E0D /* Products */ = {
			isa = PBXGroup;
			children = (
				C7C9C6092CFF9A6A00926E0D /* Cinetopia.app */,
				C7C9C6222CFF9A6B00926E0D /* CinetopiaTests.xctest */,
				C7C9C62C2CFF9A6B00926E0D /* CinetopiaUITests.xctest */,
			);
			name = Products;
			sourceTree = "<group>";
		};
/* End PBXGroup section */

/* Begin PBXNativeTarget section */
		C7C9C6082CFF9A6A00926E0D /* Cinetopia */ = {
			isa = PBXNativeTarget;
			buildConfigurationList = C7C9C6352CFF9A6B00926E0D /* Build configuration list for PBXNativeTarget "Cinetopia" */;
			buildPhases = (
				285728ACA44509EB1F21F71F /* [CP] Check Pods Manifest.lock */,
				C7C9C6052CFF9A6A00926E0D /* Sources */,
				C7C9C6062CFF9A6A00926E0D /* Frameworks */,
				C7C9C6072CFF9A6A00926E0D /* Resources */,
				4F2B1D44C4015D3F98AFDA16 /* [CP] Embed Pods Frameworks */,
			);
			buildRules = (
			);
			dependencies = (
			);
			name = Cinetopia;
			productName = Cinetopia;
			productReference = C7C9C6092CFF9A6A00926E0D /* Cinetopia.app */;
			productType = "com.apple.product-type.application";
		};
		C7C9C6212CFF9A6B00926E0D /* CinetopiaTests */ = {
			isa = PBXNativeTarget;
			buildConfigurationList = C7C9C63A2CFF9A6B00926E0D /* Build configuration list for PBXNativeTarget "CinetopiaTests" */;
			buildPhases = (
				C7C9C61E2CFF9A6B00926E0D /* Sources */,
				C7C9C61F2CFF9A6B00926E0D /* Frameworks */,
				C7C9C6202CFF9A6B00926E0D /* Resources */,
			);
			buildRules = (
			);
			dependencies = (
				C7C9C6242CFF9A6B00926E0D /* PBXTargetDependency */,
			);
			fileSystemSynchronizedGroups = (
				C7C9C6252CFF9A6B00926E0D /* CinetopiaTests */,
			);
			name = CinetopiaTests;
			productName = CinetopiaTests;
			productReference = C7C9C6222CFF9A6B00926E0D /* CinetopiaTests.xctest */;
			productType = "com.apple.product-type.bundle.unit-test";
		};
		C7C9C62B2CFF9A6B00926E0D /* CinetopiaUITests */ = {
			isa = PBXNativeTarget;
			buildConfigurationList = C7C9C63D2CFF9A6B00926E0D /* Build configuration list for PBXNativeTarget "CinetopiaUITests" */;
			buildPhases = (
				C7C9C6282CFF9A6B00926E0D /* Sources */,
				C7C9C6292CFF9A6B00926E0D /* Frameworks */,
				C7C9C62A2CFF9A6B00926E0D /* Resources */,
			);
			buildRules = (
			);
			dependencies = (
				C7C9C62E2CFF9A6B00926E0D /* PBXTargetDependency */,
			);
			fileSystemSynchronizedGroups = (
				C7C9C62F2CFF9A6B00926E0D /* CinetopiaUITests */,
				C7C9C68D2D01F7B800926E0D /* Cinetopia */,
			);
			name = CinetopiaUITests;
			productName = CinetopiaUITests;
			productReference = C7C9C62C2CFF9A6B00926E0D /* CinetopiaUITests.xctest */;
			productType = "com.apple.product-type.bundle.ui-testing";
		};
/* End PBXNativeTarget section */

/* Begin PBXProject section */
		C7C9C6012CFF9A6A00926E0D /* Project object */ = {
			isa = PBXProject;
			attributes = {
				BuildIndependentTargetsInParallel = 1;
				LastSwiftUpdateCheck = 1600;
				LastUpgradeCheck = 1600;
				TargetAttributes = {
					C7C9C6082CFF9A6A00926E0D = {
						CreatedOnToolsVersion = 16.0;
					};
					C7C9C6212CFF9A6B00926E0D = {
						CreatedOnToolsVersion = 16.0;
						TestTargetID = C7C9C6082CFF9A6A00926E0D;
					};
					C7C9C62B2CFF9A6B00926E0D = {
						CreatedOnToolsVersion = 16.0;
						TestTargetID = C7C9C6082CFF9A6A00926E0D;
					};
				};
			};
			buildConfigurationList = C7C9C6042CFF9A6A00926E0D /* Build configuration list for PBXProject "Cinetopia" */;
			developmentRegion = en;
			hasScannedForEncodings = 0;
			knownRegions = (
				en,
				Base,
			);
			mainGroup = C7C9C6002CFF9A6A00926E0D;
			minimizedProjectReferenceProxies = 1;
			preferredProjectObjectVersion = 77;
			productRefGroup = C7C9C60A2CFF9A6A00926E0D /* Products */;
			projectDirPath = "";
			projectRoot = "";
			targets = (
				C7C9C6082CFF9A6A00926E0D /* Cinetopia */,
				C7C9C6212CFF9A6B00926E0D /* CinetopiaTests */,
				C7C9C62B2CFF9A6B00926E0D /* CinetopiaUITests */,
			);
		};
/* End PBXProject section */

/* Begin PBXResourcesBuildPhase section */
		C7C9C6072CFF9A6A00926E0D /* Resources */ = {
			isa = PBXResourcesBuildPhase;
			buildActionMask = 2147483647;
			files = (
			);
			runOnlyForDeploymentPostprocessing = 0;
		};
		C7C9C6202CFF9A6B00926E0D /* Resources */ = {
			isa = PBXResourcesBuildPhase;
			buildActionMask = 2147483647;
			files = (
			);
			runOnlyForDeploymentPostprocessing = 0;
		};
		C7C9C62A2CFF9A6B00926E0D /* Resources */ = {
			isa = PBXResourcesBuildPhase;
			buildActionMask = 2147483647;
			files = (
			);
			runOnlyForDeploymentPostprocessing = 0;
		};
/* End PBXResourcesBuildPhase section */

/* Begin PBXShellScriptBuildPhase section */
		285728ACA44509EB1F21F71F /* [CP] Check Pods Manifest.lock */ = {
			isa = PBXShellScriptBuildPhase;
			buildActionMask = 2147483647;
			files = (
			);
			inputFileListPaths = (
			);
			inputPaths = (
				"${PODS_PODFILE_DIR_PATH}/Podfile.lock",
				"${PODS_ROOT}/Manifest.lock",
			);
			name = "[CP] Check Pods Manifest.lock";
			outputFileListPaths = (
			);
			outputPaths = (
				"$(DERIVED_FILE_DIR)/Pods-Cinetopia-checkManifestLockResult.txt",
			);
			runOnlyForDeploymentPostprocessing = 0;
			shellPath = /bin/sh;
			shellScript = "diff \"${PODS_PODFILE_DIR_PATH}/Podfile.lock\" \"${PODS_ROOT}/Manifest.lock\" > /dev/null\nif [ $? != 0 ] ; then\n    # print error to STDERR\n    echo \"error: The sandbox is not in sync with the Podfile.lock. Run 'pod install' or update your CocoaPods installation.\" >&2\n    exit 1\nfi\n# This output is used by Xcode 'outputs' to avoid re-running this script phase.\necho \"SUCCESS\" > \"${SCRIPT_OUTPUT_FILE_0}\"\n";
			showEnvVarsInLog = 0;
		};
		4F2B1D44C4015D3F98AFDA16 /* [CP] Embed Pods Frameworks */ = {
			isa = PBXShellScriptBuildPhase;
			buildActionMask = 2147483647;
			files = (
			);
			inputFileListPaths = (
				"${PODS_ROOT}/Target Support Files/Pods-Cinetopia/Pods-Cinetopia-frameworks-${CONFIGURATION}-input-files.xcfilelist",
			);
			name = "[CP] Embed Pods Frameworks";
			outputFileListPaths = (
				"${PODS_ROOT}/Target Support Files/Pods-Cinetopia/Pods-Cinetopia-frameworks-${CONFIGURATION}-output-files.xcfilelist",
			);
			runOnlyForDeploymentPostprocessing = 0;
			shellPath = /bin/sh;
			shellScript = "\"${PODS_ROOT}/Target Support Files/Pods-Cinetopia/Pods-Cinetopia-frameworks.sh\"\n";
			showEnvVarsInLog = 0;
		};
/* End PBXShellScriptBuildPhase section */

/* Begin PBXSourcesBuildPhase section */
		C7C9C6052CFF9A6A00926E0D /* Sources */ = {
			isa = PBXSourcesBuildPhase;
			buildActionMask = 2147483647;
			files = (
			);
			runOnlyForDeploymentPostprocessing = 0;
		};
		C7C9C61E2CFF9A6B00926E0D /* Sources */ = {
			isa = PBXSourcesBuildPhase;
			buildActionMask = 2147483647;
			files = (
			);
			runOnlyForDeploymentPostprocessing = 0;
		};
		C7C9C6282CFF9A6B00926E0D /* Sources */ = {
			isa = PBXSourcesBuildPhase;
			buildActionMask = 2147483647;
			files = (
			);
			runOnlyForDeploymentPostprocessing = 0;
		};
/* End PBXSourcesBuildPhase section */

/* Begin PBXTargetDependency section */
		C7C9C6242CFF9A6B00926E0D /* PBXTargetDependency */ = {
			isa = PBXTargetDependency;
			target = C7C9C6082CFF9A6A00926E0D /* Cinetopia */;
			targetProxy = C7C9C6232CFF9A6B00926E0D /* PBXContainerItemProxy */;
		};
		C7C9C62E2CFF9A6B00926E0D /* PBXTargetDependency */ = {
			isa = PBXTargetDependency;
			target = C7C9C6082CFF9A6A00926E0D /* Cinetopia */;
			targetProxy = C7C9C62D2CFF9A6B00926E0D /* PBXContainerItemProxy */;
		};
/* End PBXTargetDependency section */

/* Begin XCBuildConfiguration section */
		C7C9C6362CFF9A6B00926E0D /* Debug */ = {
			isa = XCBuildConfiguration;
			baseConfigurationReference = 4A4213465F39526A0D4B861E /* Pods-Cinetopia.debug.xcconfig */;
			buildSettings = {
				ASSETCATALOG_COMPILER_APPICON_NAME = AppIcon;
				ASSETCATALOG_COMPILER_GLOBAL_ACCENT_COLOR_NAME = AccentColor;
				CODE_SIGN_STYLE = Automatic;
				CURRENT_PROJECT_VERSION = 1;
				DEVELOPMENT_TEAM = BUC98577QZ;
				GENERATE_INFOPLIST_FILE = YES;
				INFOPLIST_FILE = Cinetopia/Info.plist;
				INFOPLIST_KEY_UIApplicationSupportsIndirectInputEvents = YES;
				INFOPLIST_KEY_UILaunchStoryboardName = LaunchScreen;
				INFOPLIST_KEY_UISupportedInterfaceOrientations_iPad = "UIInterfaceOrientationPortrait UIInterfaceOrientationPortraitUpsideDown UIInterfaceOrientationLandscapeLeft UIInterfaceOrientationLandscapeRight";
				INFOPLIST_KEY_UISupportedInterfaceOrientations_iPhone = "UIInterfaceOrientationPortrait UIInterfaceOrientationLandscapeLeft UIInterfaceOrientationLandscapeRight";
				LD_RUNPATH_SEARCH_PATHS = (
					"$(inherited)",
					"@executable_path/Frameworks",
				);
				MARKETING_VERSION = 1.0;
				PRODUCT_BUNDLE_IDENTIFIER = raymondi.Cinetopia;
				PRODUCT_NAME = "$(TARGET_NAME)";
				SWIFT_EMIT_LOC_STRINGS = YES;
				SWIFT_VERSION = 5.0;
				TARGETED_DEVICE_FAMILY = "1,2";
			};
			name = Debug;
		};
		C7C9C6372CFF9A6B00926E0D /* Release */ = {
			isa = XCBuildConfiguration;
			baseConfigurationReference = F5B3D9B2A5C9E94CD5D576BF /* Pods-Cinetopia.release.xcconfig */;
			buildSettings = {
				ASSETCATALOG_COMPILER_APPICON_NAME = AppIcon;
				ASSETCATALOG_COMPILER_GLOBAL_ACCENT_COLOR_NAME = AccentColor;
				CODE_SIGN_STYLE = Automatic;
				CURRENT_PROJECT_VERSION = 1;
				DEVELOPMENT_TEAM = BUC98577QZ;
				GENERATE_INFOPLIST_FILE = YES;
				INFOPLIST_FILE = Cinetopia/Info.plist;
				INFOPLIST_KEY_UIApplicationSupportsIndirectInputEvents = YES;
				INFOPLIST_KEY_UILaunchStoryboardName = LaunchScreen;
				INFOPLIST_KEY_UISupportedInterfaceOrientations_iPad = "UIInterfaceOrientationPortrait UIInterfaceOrientationPortraitUpsideDown UIInterfaceOrientationLandscapeLeft UIInterfaceOrientationLandscapeRight";
				INFOPLIST_KEY_UISupportedInterfaceOrientations_iPhone = "UIInterfaceOrientationPortrait UIInterfaceOrientationLandscapeLeft UIInterfaceOrientationLandscapeRight";
				LD_RUNPATH_SEARCH_PATHS = (
					"$(inherited)",
					"@executable_path/Frameworks",
				);
				MARKETING_VERSION = 1.0;
				PRODUCT_BUNDLE_IDENTIFIER = raymondi.Cinetopia;
				PRODUCT_NAME = "$(TARGET_NAME)";
				SWIFT_EMIT_LOC_STRINGS = YES;
				SWIFT_VERSION = 5.0;
				TARGETED_DEVICE_FAMILY = "1,2";
			};
			name = Release;
		};
		C7C9C6382CFF9A6B00926E0D /* Debug */ = {
			isa = XCBuildConfiguration;
			buildSettings = {
				ALWAYS_SEARCH_USER_PATHS = NO;
				ASSETCATALOG_COMPILER_GENERATE_SWIFT_ASSET_SYMBOL_EXTENSIONS = YES;
				CLANG_ANALYZER_NONNULL = YES;
				CLANG_ANALYZER_NUMBER_OBJECT_CONVERSION = YES_AGGRESSIVE;
				CLANG_CXX_LANGUAGE_STANDARD = "gnu++20";
				CLANG_ENABLE_MODULES = YES;
				CLANG_ENABLE_OBJC_ARC = YES;
				CLANG_ENABLE_OBJC_WEAK = YES;
				CLANG_WARN_BLOCK_CAPTURE_AUTORELEASING = YES;
				CLANG_WARN_BOOL_CONVERSION = YES;
				CLANG_WARN_COMMA = YES;
				CLANG_WARN_CONSTANT_CONVERSION = YES;
				CLANG_WARN_DEPRECATED_OBJC_IMPLEMENTATIONS = YES;
				CLANG_WARN_DIRECT_OBJC_ISA_USAGE = YES_ERROR;
				CLANG_WARN_DOCUMENTATION_COMMENTS = YES;
				CLANG_WARN_EMPTY_BODY = YES;
				CLANG_WARN_ENUM_CONVERSION = YES;
				CLANG_WARN_INFINITE_RECURSION = YES;
				CLANG_WARN_INT_CONVERSION = YES;
				CLANG_WARN_NON_LITERAL_NULL_CONVERSION = YES;
				CLANG_WARN_OBJC_IMPLICIT_RETAIN_SELF = YES;
				CLANG_WARN_OBJC_LITERAL_CONVERSION = YES;
				CLANG_WARN_OBJC_ROOT_CLASS = YES_ERROR;
				CLANG_WARN_QUOTED_INCLUDE_IN_FRAMEWORK_HEADER = YES;
				CLANG_WARN_RANGE_LOOP_ANALYSIS = YES;
				CLANG_WARN_STRICT_PROTOTYPES = YES;
				CLANG_WARN_SUSPICIOUS_MOVE = YES;
				CLANG_WARN_UNGUARDED_AVAILABILITY = YES_AGGRESSIVE;
				CLANG_WARN_UNREACHABLE_CODE = YES;
				CLANG_WARN__DUPLICATE_METHOD_MATCH = YES;
				COPY_PHASE_STRIP = NO;
				DEBUG_INFORMATION_FORMAT = dwarf;
				ENABLE_STRICT_OBJC_MSGSEND = YES;
				ENABLE_TESTABILITY = YES;
				ENABLE_USER_SCRIPT_SANDBOXING = NO;
				GCC_C_LANGUAGE_STANDARD = gnu17;
				GCC_DYNAMIC_NO_PIC = NO;
				GCC_NO_COMMON_BLOCKS = YES;
				GCC_OPTIMIZATION_LEVEL = 0;
				GCC_PREPROCESSOR_DEFINITIONS = (
					"DEBUG=1",
					"$(inherited)",
				);
				GCC_WARN_64_TO_32_BIT_CONVERSION = YES;
				GCC_WARN_ABOUT_RETURN_TYPE = YES_ERROR;
				GCC_WARN_UNDECLARED_SELECTOR = YES;
				GCC_WARN_UNINITIALIZED_AUTOS = YES_AGGRESSIVE;
				GCC_WARN_UNUSED_FUNCTION = YES;
				GCC_WARN_UNUSED_VARIABLE = YES;
				IPHONEOS_DEPLOYMENT_TARGET = 18.0;
				LOCALIZATION_PREFERS_STRING_CATALOGS = YES;
				MTL_ENABLE_DEBUG_INFO = INCLUDE_SOURCE;
				MTL_FAST_MATH = YES;
				ONLY_ACTIVE_ARCH = YES;
				SDKROOT = iphoneos;
				SWIFT_ACTIVE_COMPILATION_CONDITIONS = "DEBUG $(inherited)";
				SWIFT_OPTIMIZATION_LEVEL = "-Onone";
			};
			name = Debug;
		};
		C7C9C6392CFF9A6B00926E0D /* Release */ = {
			isa = XCBuildConfiguration;
			buildSettings = {
				ALWAYS_SEARCH_USER_PATHS = NO;
				ASSETCATALOG_COMPILER_GENERATE_SWIFT_ASSET_SYMBOL_EXTENSIONS = YES;
				CLANG_ANALYZER_NONNULL = YES;
				CLANG_ANALYZER_NUMBER_OBJECT_CONVERSION = YES_AGGRESSIVE;
				CLANG_CXX_LANGUAGE_STANDARD = "gnu++20";
				CLANG_ENABLE_MODULES = YES;
				CLANG_ENABLE_OBJC_ARC = YES;
				CLANG_ENABLE_OBJC_WEAK = YES;
				CLANG_WARN_BLOCK_CAPTURE_AUTORELEASING = YES;
				CLANG_WARN_BOOL_CONVERSION = YES;
				CLANG_WARN_COMMA = YES;
				CLANG_WARN_CONSTANT_CONVERSION = YES;
				CLANG_WARN_DEPRECATED_OBJC_IMPLEMENTATIONS = YES;
				CLANG_WARN_DIRECT_OBJC_ISA_USAGE = YES_ERROR;
				CLANG_WARN_DOCUMENTATION_COMMENTS = YES;
				CLANG_WARN_EMPTY_BODY = YES;
				CLANG_WARN_ENUM_CONVERSION = YES;
				CLANG_WARN_INFINITE_RECURSION = YES;
				CLANG_WARN_INT_CONVERSION = YES;
				CLANG_WARN_NON_LITERAL_NULL_CONVERSION = YES;
				CLANG_WARN_OBJC_IMPLICIT_RETAIN_SELF = YES;
				CLANG_WARN_OBJC_LITERAL_CONVERSION = YES;
				CLANG_WARN_OBJC_ROOT_CLASS = YES_ERROR;
				CLANG_WARN_QUOTED_INCLUDE_IN_FRAMEWORK_HEADER = YES;
				CLANG_WARN_RANGE_LOOP_ANALYSIS = YES;
				CLANG_WARN_STRICT_PROTOTYPES = YES;
				CLANG_WARN_SUSPICIOUS_MOVE = YES;
				CLANG_WARN_UNGUARDED_AVAILABILITY = YES_AGGRESSIVE;
				CLANG_WARN_UNREACHABLE_CODE = YES;
				CLANG_WARN__DUPLICATE_METHOD_MATCH = YES;
				COPY_PHASE_STRIP = NO;
				DEBUG_INFORMATION_FORMAT = "dwarf-with-dsym";
				ENABLE_NS_ASSERTIONS = NO;
				ENABLE_STRICT_OBJC_MSGSEND = YES;
				ENABLE_USER_SCRIPT_SANDBOXING = NO;
				GCC_C_LANGUAGE_STANDARD = gnu17;
				GCC_NO_COMMON_BLOCKS = YES;
				GCC_WARN_64_TO_32_BIT_CONVERSION = YES;
				GCC_WARN_ABOUT_RETURN_TYPE = YES_ERROR;
				GCC_WARN_UNDECLARED_SELECTOR = YES;
				GCC_WARN_UNINITIALIZED_AUTOS = YES_AGGRESSIVE;
				GCC_WARN_UNUSED_FUNCTION = YES;
				GCC_WARN_UNUSED_VARIABLE = YES;
				IPHONEOS_DEPLOYMENT_TARGET = 18.0;
				LOCALIZATION_PREFERS_STRING_CATALOGS = YES;
				MTL_ENABLE_DEBUG_INFO = NO;
				MTL_FAST_MATH = YES;
				SDKROOT = iphoneos;
				SWIFT_COMPILATION_MODE = wholemodule;
				VALIDATE_PRODUCT = YES;
			};
			name = Release;
		};
		C7C9C63B2CFF9A6B00926E0D /* Debug */ = {
			isa = XCBuildConfiguration;
			buildSettings = {
				BUNDLE_LOADER = "$(TEST_HOST)";
				CODE_SIGN_STYLE = Automatic;
				CURRENT_PROJECT_VERSION = 1;
				DEVELOPMENT_TEAM = BUC98577QZ;
				GENERATE_INFOPLIST_FILE = YES;
				IPHONEOS_DEPLOYMENT_TARGET = 18.0;
				MARKETING_VERSION = 1.0;
				PRODUCT_BUNDLE_IDENTIFIER = raymondi.CinetopiaTests;
				PRODUCT_NAME = "$(TARGET_NAME)";
				SWIFT_EMIT_LOC_STRINGS = NO;
				SWIFT_VERSION = 5.0;
				TARGETED_DEVICE_FAMILY = "1,2";
				TEST_HOST = "$(BUILT_PRODUCTS_DIR)/Cinetopia.app/$(BUNDLE_EXECUTABLE_FOLDER_PATH)/Cinetopia";
			};
			name = Debug;
		};
		C7C9C63C2CFF9A6B00926E0D /* Release */ = {
			isa = XCBuildConfiguration;
			buildSettings = {
				BUNDLE_LOADER = "$(TEST_HOST)";
				CODE_SIGN_STYLE = Automatic;
				CURRENT_PROJECT_VERSION = 1;
				DEVELOPMENT_TEAM = BUC98577QZ;
				GENERATE_INFOPLIST_FILE = YES;
				IPHONEOS_DEPLOYMENT_TARGET = 18.0;
				MARKETING_VERSION = 1.0;
				PRODUCT_BUNDLE_IDENTIFIER = raymondi.CinetopiaTests;
				PRODUCT_NAME = "$(TARGET_NAME)";
				SWIFT_EMIT_LOC_STRINGS = NO;
				SWIFT_VERSION = 5.0;
				TARGETED_DEVICE_FAMILY = "1,2";
				TEST_HOST = "$(BUILT_PRODUCTS_DIR)/Cinetopia.app/$(BUNDLE_EXECUTABLE_FOLDER_PATH)/Cinetopia";
			};
			name = Release;
		};
		C7C9C63E2CFF9A6B00926E0D /* Debug */ = {
			isa = XCBuildConfiguration;
			buildSettings = {
				CODE_SIGN_STYLE = Automatic;
				CURRENT_PROJECT_VERSION = 1;
				DEVELOPMENT_TEAM = BUC98577QZ;
				GENERATE_INFOPLIST_FILE = YES;
				MARKETING_VERSION = 1.0;
				PRODUCT_BUNDLE_IDENTIFIER = raymondi.CinetopiaUITests;
				PRODUCT_NAME = "$(TARGET_NAME)";
				SWIFT_EMIT_LOC_STRINGS = NO;
				SWIFT_VERSION = 5.0;
				TARGETED_DEVICE_FAMILY = "1,2";
				TEST_TARGET_NAME = Cinetopia;
			};
			name = Debug;
		};
		C7C9C63F2CFF9A6B00926E0D /* Release */ = {
			isa = XCBuildConfiguration;
			buildSettings = {
				CODE_SIGN_STYLE = Automatic;
				CURRENT_PROJECT_VERSION = 1;
				DEVELOPMENT_TEAM = BUC98577QZ;
				GENERATE_INFOPLIST_FILE = YES;
				MARKETING_VERSION = 1.0;
				PRODUCT_BUNDLE_IDENTIFIER = raymondi.CinetopiaUITests;
				PRODUCT_NAME = "$(TARGET_NAME)";
				SWIFT_EMIT_LOC_STRINGS = NO;
				SWIFT_VERSION = 5.0;
				TARGETED_DEVICE_FAMILY = "1,2";
				TEST_TARGET_NAME = Cinetopia;
			};
			name = Release;
		};
/* End XCBuildConfiguration section */

/* Begin XCConfigurationList section */
		C7C9C6042CFF9A6A00926E0D /* Build configuration list for PBXProject "Cinetopia" */ = {
			isa = XCConfigurationList;
			buildConfigurations = (
				C7C9C6382CFF9A6B00926E0D /* Debug */,
				C7C9C6392CFF9A6B00926E0D /* Release */,
			);
			defaultConfigurationIsVisible = 0;
			defaultConfigurationName = Release;
		};
		C7C9C6352CFF9A6B00926E0D /* Build configuration list for PBXNativeTarget "Cinetopia" */ = {
			isa = XCConfigurationList;
			buildConfigurations = (
				C7C9C6362CFF9A6B00926E0D /* Debug */,
				C7C9C6372CFF9A6B00926E0D /* Release */,
			);
			defaultConfigurationIsVisible = 0;
			defaultConfigurationName = Release;
		};
		C7C9C63A2CFF9A6B00926E0D /* Build configuration list for PBXNativeTarget "CinetopiaTests" */ = {
			isa = XCConfigurationList;
			buildConfigurations = (
				C7C9C63B2CFF9A6B00926E0D /* Debug */,
				C7C9C63C2CFF9A6B00926E0D /* Release */,
			);
			defaultConfigurationIsVisible = 0;
			defaultConfigurationName = Release;
		};
		C7C9C63D2CFF9A6B00926E0D /* Build configuration list for PBXNativeTarget "CinetopiaUITests" */ = {
			isa = XCConfigurationList;
			buildConfigurations = (
				C7C9C63E2CFF9A6B00926E0D /* Debug */,
				C7C9C63F2CFF9A6B00926E0D /* Release */,
			);
			defaultConfigurationIsVisible = 0;
			defaultConfigurationName = Release;
		};
/* End XCConfigurationList section */
	};
	rootObject = C7C9C6012CFF9A6A00926E0D /* Project object */;
}
